
Microsoft Visual Studio Solution File, Format Version 12.00
# Visual Studio Version 17
VisualStudioVersion = 17.9.34607.119
MinimumVisualStudioVersion = 10.0.40219.1
Project("{8BC9CEB8-8B4A-11D0-8D11-00A0C91BC942}") = "studentInformation", "studentInformation\studentInformation.vcxproj", "{487E1816-EEA4-43F1-A907-50179E00283E}"
EndProject
Global
	GlobalSection(SolutionConfigurationPlatforms) = preSolution
		Debug|x64 = Debug|x64
		Debug|x86 = Debug|x86
		Release|x64 = Release|x64
		Release|x86 = Release|x86
	EndGlobalSection
	GlobalSection(ProjectConfigurationPlatforms) = postSolution
		{487E1816-EEA4-43F1-A907-50179E00283E}.Debug|x64.ActiveCfg = Debug|x64
		{487E1816-EEA4-43F1-A907-50179E00283E}.Debug|x64.Build.0 = Debug|x64
		{487E1816-EEA4-43F1-A907-50179E00283E}.Debug|x86.ActiveCfg = Debug|Win32
		{487E1816-EEA4-43F1-A907-50179E00283E}.Debug|x86.Build.0 = Debug|Win32
		{487E1816-EEA4-43F1-A907-50179E00283E}.Release|x64.ActiveCfg = Release|x64
		{487E1816-EEA4-43F1-A907-50179E00283E}.Release|x64.Build.0 = Release|x64
		{487E1816-EEA4-43F1-A907-50179E00283E}.Release|x86.ActiveCfg = Release|Win32
		{487E1816-EEA4-43F1-A907-50179E00283E}.Release|x86.Build.0 = Release|Win32
	EndGlobalSection
	GlobalSection(SolutionProperties) = preSolution
		HideSolutionNode = FALSE
	EndGlobalSection
	GlobalSection(ExtensibilityGlobals) = postSolution
		SolutionGuid = {6394619A-397C-4694-92AF-5279A7DD6E3F}
	EndGlobalSection
EndGlobal
