
Microsoft Visual Studio Solution File, Format Version 12.00
# Visual Studio Version 17
VisualStudioVersion = 17.9.34714.143
MinimumVisualStudioVersion = 10.0.40219.1
Project("{8BC9CEB8-8B4A-11D0-8D11-00A0C91BC942}") = "dayOfWeek", "dayOfWeek\dayOfWeek.vcxproj", "{BF1215FC-7FAA-4734-8829-DF2F04EB5FBD}"
EndProject
Project("{8BC9CEB8-8B4A-11D0-8D11-00A0C91BC942}") = "printNumbersInReverseOrder", "printNumbersInReverseOrder\printNumbersInReverseOrder.vcxproj", "{8D73DEAF-3BAF-4ECD-BDFF-2016B663E5DA}"
EndProject
Global
	GlobalSection(SolutionConfigurationPlatforms) = preSolution
		Debug|x64 = Debug|x64
		Debug|x86 = Debug|x86
		Release|x64 = Release|x64
		Release|x86 = Release|x86
	EndGlobalSection
	GlobalSection(ProjectConfigurationPlatforms) = postSolution
		{BF1215FC-7FAA-4734-8829-DF2F04EB5FBD}.Debug|x64.ActiveCfg = Debug|x64
		{BF1215FC-7FAA-4734-8829-DF2F04EB5FBD}.Debug|x64.Build.0 = Debug|x64
		{BF1215FC-7FAA-4734-8829-DF2F04EB5FBD}.Debug|x86.ActiveCfg = Debug|Win32
		{BF1215FC-7FAA-4734-8829-DF2F04EB5FBD}.Debug|x86.Build.0 = Debug|Win32
		{BF1215FC-7FAA-4734-8829-DF2F04EB5FBD}.Release|x64.ActiveCfg = Release|x64
		{BF1215FC-7FAA-4734-8829-DF2F04EB5FBD}.Release|x64.Build.0 = Release|x64
		{BF1215FC-7FAA-4734-8829-DF2F04EB5FBD}.Release|x86.ActiveCfg = Release|Win32
		{BF1215FC-7FAA-4734-8829-DF2F04EB5FBD}.Release|x86.Build.0 = Release|Win32
		{8D73DEAF-3BAF-4ECD-BDFF-2016B663E5DA}.Debug|x64.ActiveCfg = Debug|x64
		{8D73DEAF-3BAF-4ECD-BDFF-2016B663E5DA}.Debug|x64.Build.0 = Debug|x64
		{8D73DEAF-3BAF-4ECD-BDFF-2016B663E5DA}.Debug|x86.ActiveCfg = Debug|Win32
		{8D73DEAF-3BAF-4ECD-BDFF-2016B663E5DA}.Debug|x86.Build.0 = Debug|Win32
		{8D73DEAF-3BAF-4ECD-BDFF-2016B663E5DA}.Release|x64.ActiveCfg = Release|x64
		{8D73DEAF-3BAF-4ECD-BDFF-2016B663E5DA}.Release|x64.Build.0 = Release|x64
		{8D73DEAF-3BAF-4ECD-BDFF-2016B663E5DA}.Release|x86.ActiveCfg = Release|Win32
		{8D73DEAF-3BAF-4ECD-BDFF-2016B663E5DA}.Release|x86.Build.0 = Release|Win32
	EndGlobalSection
	GlobalSection(SolutionProperties) = preSolution
		HideSolutionNode = FALSE
	EndGlobalSection
	GlobalSection(ExtensibilityGlobals) = postSolution
		SolutionGuid = {8245D37F-E191-4818-AE5D-953D511A7208}
	EndGlobalSection
EndGlobal
